
Microsoft Visual Studio Solution File, Format Version 12.00
# Visual Studio Version 17
VisualStudioVersion = 17.4.33122.133
MinimumVisualStudioVersion = 10.0.40219.1
Project("{FAE04EC0-301F-11D3-BF4B-00C04F79EFBC}") = "Tetris", "Tetris\Tetris.csproj", "{C4284AC0-2220-4B72-9118-E746AF86352D}"
EndProject
Global
	GlobalSection(SolutionConfigurationPlatforms) = preSolution
		Debug|Any CPU = Debug|Any CPU
		Release|Any CPU = Release|Any CPU
	EndGlobalSection
	GlobalSection(ProjectConfigurationPlatforms) = postSolution
		{C4284AC0-2220-4B72-9118-E746AF86352D}.Debug|Any CPU.ActiveCfg = Debug|Any CPU
		{C4284AC0-2220-4B72-9118-E746AF86352D}.Debug|Any CPU.Build.0 = Debug|Any CPU
		{C4284AC0-2220-4B72-9118-E746AF86352D}.Release|Any CPU.ActiveCfg = Release|Any CPU
		{C4284AC0-2220-4B72-9118-E746AF86352D}.Release|Any CPU.Build.0 = Release|Any CPU
	EndGlobalSection
	GlobalSection(SolutionProperties) = preSolution
		HideSolutionNode = FALSE
	EndGlobalSection
	GlobalSection(ExtensibilityGlobals) = postSolution
		SolutionGuid = {8CA5E77C-6693-4FC1-95D2-6953564D7096}
	EndGlobalSection
EndGlobal
